
Microsoft Visual Studio Solution File, Format Version 12.00
# Visual Studio Version 17
VisualStudioVersion = 17.14.36310.24 d17.14
MinimumVisualStudioVersion = 10.0.40219.1
Project("{FAE04EC0-301F-11D3-BF4B-00C04F79EFBC}") = "SistemaLoginB", "SistemaLoginB.csproj", "{B0AD979A-E7FF-4086-A4F7-FE8513684794}"
EndProject
Global
	GlobalSection(SolutionConfigurationPlatforms) = preSolution
		Debug|Any CPU = Debug|Any CPU
		Release|Any CPU = Release|Any CPU
	EndGlobalSection
	GlobalSection(ProjectConfigurationPlatforms) = postSolution
		{B0AD979A-E7FF-4086-A4F7-FE8513684794}.Debug|Any CPU.ActiveCfg = Debug|Any CPU
		{B0AD979A-E7FF-4086-A4F7-FE8513684794}.Debug|Any CPU.Build.0 = Debug|Any CPU
		{B0AD979A-E7FF-4086-A4F7-FE8513684794}.Release|Any CPU.ActiveCfg = Release|Any CPU
		{B0AD979A-E7FF-4086-A4F7-FE8513684794}.Release|Any CPU.Build.0 = Release|Any CPU
	EndGlobalSection
	GlobalSection(SolutionProperties) = preSolution
		HideSolutionNode = FALSE
	EndGlobalSection
	GlobalSection(ExtensibilityGlobals) = postSolution
		SolutionGuid = {47EE5BCA-161D-4824-8A30-7EDFB9F7E9C3}
	EndGlobalSection
EndGlobal
